
Microsoft Visual Studio Solution File, Format Version 12.00
Project("{FAE04EC0-301F-11D3-BF4B-00C04F79EFBC}") = "FormsApp.Communication", "FormsApp.Communication\FormsApp.Communication.csproj", "{43E8B6CB-5FE8-48D5-8CF9-6C6381A916FF}"
EndProject
Global
	GlobalSection(SolutionConfigurationPlatforms) = preSolution
		Debug|Any CPU = Debug|Any CPU
		Release|Any CPU = Release|Any CPU
	EndGlobalSection
	GlobalSection(ProjectConfigurationPlatforms) = postSolution
		{43E8B6CB-5FE8-48D5-8CF9-6C6381A916FF}.Debug|Any CPU.ActiveCfg = Debug|Any CPU
		{43E8B6CB-5FE8-48D5-8CF9-6C6381A916FF}.Debug|Any CPU.Build.0 = Debug|Any CPU
		{43E8B6CB-5FE8-48D5-8CF9-6C6381A916FF}.Release|Any CPU.ActiveCfg = Release|Any CPU
		{43E8B6CB-5FE8-48D5-8CF9-6C6381A916FF}.Release|Any CPU.Build.0 = Release|Any CPU
	EndGlobalSection
EndGlobal
